
Microsoft Visual Studio Solution File, Format Version 12.00
# Visual Studio Version 16
VisualStudioVersion = 16.0.32929.386
MinimumVisualStudioVersion = 10.0.40219.1
Project("{FAE04EC0-301F-11D3-BF4B-00C04F79EFBC}") = "RepositoryPaternUOW", "RepositoryPaternUOW\RepositoryPaternUOW.csproj", "{7D03A448-1EE4-477A-805C-D9F2A05C74CE}"
EndProject
Global
	GlobalSection(SolutionConfigurationPlatforms) = preSolution
		Debug|Any CPU = Debug|Any CPU
		Release|Any CPU = Release|Any CPU
	EndGlobalSection
	GlobalSection(ProjectConfigurationPlatforms) = postSolution
		{7D03A448-1EE4-477A-805C-D9F2A05C74CE}.Debug|Any CPU.ActiveCfg = Debug|Any CPU
		{7D03A448-1EE4-477A-805C-D9F2A05C74CE}.Debug|Any CPU.Build.0 = Debug|Any CPU
		{7D03A448-1EE4-477A-805C-D9F2A05C74CE}.Release|Any CPU.ActiveCfg = Release|Any CPU
		{7D03A448-1EE4-477A-805C-D9F2A05C74CE}.Release|Any CPU.Build.0 = Release|Any CPU
	EndGlobalSection
	GlobalSection(SolutionProperties) = preSolution
		HideSolutionNode = FALSE
	EndGlobalSection
	GlobalSection(ExtensibilityGlobals) = postSolution
		SolutionGuid = {DF2236F7-49E2-474F-856C-E142CAABBC96}
	EndGlobalSection
EndGlobal
